// !$*UTF8*$!
{
	archiveVersion = 1;
	classes = {
	};
	objectVersion = 48;
	objects = {

/* Begin PBXBuildFile section */
		54E60C792075185E00BDB79E /* AppDelegate.swift in Sources */ = {isa = PBXBuildFile; fileRef = 54E60C782075185E00BDB79E /* AppDelegate.swift */; };
		54E60C7B2075185E00BDB79E /* ViewController.swift in Sources */ = {isa = PBXBuildFile; fileRef = 54E60C7A2075185E00BDB79E /* ViewController.swift */; };
		54E60C7E2075185E00BDB79E /* Main.storyboard in Resources */ = {isa = PBXBuildFile; fileRef = 54E60C7C2075185E00BDB79E /* Main.storyboard */; };
		54E60C812075185E00BDB79E /* todoList.xcdatamodeld in Sources */ = {isa = PBXBuildFile; fileRef = 54E60C7F2075185E00BDB79E /* todoList.xcdatamodeld */; };
		54E60C832075185E00BDB79E /* Assets.xcassets in Resources */ = {isa = PBXBuildFile; fileRef = 54E60C822075185E00BDB79E /* Assets.xcassets */; };
		54E60C862075185E00BDB79E /* LaunchScreen.storyboard in Resources */ = {isa = PBXBuildFile; fileRef = 54E60C842075185E00BDB79E /* LaunchScreen.storyboard */; };
/* End PBXBuildFile section */

/* Begin PBXFileReference section */
		54E60C752075185E00BDB79E /* todoList.app */ = {isa = PBXFileReference; explicitFileType = wrapper.application; includeInIndex = 0; path = todoList.app; sourceTree = BUILT_PRODUCTS_DIR; };
		54E60C782075185E00BDB79E /* AppDelegate.swift */ = {isa = PBXFileReference; lastKnownFileType = sourcecode.swift; path = AppDelegate.swift; sourceTree = "<group>"; };
		54E60C7A2075185E00BDB79E /* ViewController.swift */ = {isa = PBXFileReference; lastKnownFileType = sourcecode.swift; path = ViewController.swift; sourceTree = "<group>"; };
		54E60C7D2075185E00BDB79E /* Base */ = {isa = PBXFileReference; lastKnownFileType = file.storyboard; name = Base; path = Base.lproj/Main.storyboard; sourceTree = "<group>"; };
		54E60C802075185E00BDB79E /* todoList.xcdatamodel */ = {isa = PBXFileReference; lastKnownFileType = wrapper.xcdatamodel; path = todoList.xcdatamodel; sourceTree = "<group>"; };
		54E60C822075185E00BDB79E /* Assets.xcassets */ = {isa = PBXFileReference; lastKnownFileType = folder.assetcatalog; path = Assets.xcassets; sourceTree = "<group>"; };
		54E60C852075185E00BDB79E /* Base */ = {isa = PBXFileReference; lastKnownFileType = file.storyboard; name = Base; path = Base.lproj/LaunchScreen.storyboard; sourceTree = "<group>"; };
		54E60C872075185E00BDB79E /* Info.plist */ = {isa = PBXFileReference; lastKnownFileType = text.plist.xml; path = Info.plist; sourceTree = "<group>"; };
/* End PBXFileReference section */

/* Begin PBXFrameworksBuildPhase section */
		54E60C722075185E00BDB79E /* Frameworks */ = {
			isa = PBXFrameworksBuildPhase;
			buildActionMask = 2147483647;
			files = (
			);
			runOnlyForDeploymentPostprocessing = 0;
		};
/* End PBXFrameworksBuildPhase section */

/* Begin PBXGroup section */
		54E60C6C2075185E00BDB79E = {
			isa = PBXGroup;
			children = (
				54E60C772075185E00BDB79E /* todoList */,
				54E60C762075185E00BDB79E /* Products */,
			);
			sourceTree = "<group>";
		};
		54E60C762075185E00BDB79E /* Products */ = {
			isa = PBXGroup;
			children = (
				54E60C752075185E00BDB79E /* todoList.app */,
			);
			name = Products;
			sourceTree = "<group>";
		};
		54E60C772075185E00BDB79E /* todoList */ = {
			isa = PBXGroup;
			children = (
				54E60C782075185E00BDB79E /* AppDelegate.swift */,
				54E60C8E207518E400BDB79E /* Model */,
				54E60C8D207518D400BDB79E /* Controller */,
				54E60C8F2075190400BDB79E /* View */,
				54E60C822075185E00BDB79E /* Assets.xcassets */,
				54E60C842075185E00BDB79E /* LaunchScreen.storyboard */,
				54E60C872075185E00BDB79E /* Info.plist */,
			);
			path = todoList;
			sourceTree = "<group>";
		};
		54E60C8D207518D400BDB79E /* Controller */ = {
			isa = PBXGroup;
			children = (
				54E60C7A2075185E00BDB79E /* ViewController.swift */,
			);
			path = Controller;
			sourceTree = "<group>";
		};
		54E60C8E207518E400BDB79E /* Model */ = {
			isa = PBXGroup;
			children = (
				54E60C7F2075185E00BDB79E /* todoList.xcdatamodeld */,
			);
			path = Model;
			sourceTree = "<group>";
		};
		54E60C8F2075190400BDB79E /* View */ = {
			isa = PBXGroup;
			children = (
				54E60C7C2075185E00BDB79E /* Main.storyboard */,
			);
			path = View;
			sourceTree = "<group>";
		};
/* End PBXGroup section */

/* Begin PBXNativeTarget section */
		54E60C742075185E00BDB79E /* todoList */ = {
			isa = PBXNativeTarget;
			buildConfigurationList = 54E60C8A2075185E00BDB79E /* Build configuration list for PBXNativeTarget "todoList" */;
			buildPhases = (
				54E60C712075185E00BDB79E /* Sources */,
				54E60C722075185E00BDB79E /* Frameworks */,
				54E60C732075185E00BDB79E /* Resources */,
			);
			buildRules = (
			);
			dependencies = (
			);
			name = todoList;
			productName = todoList;
			productReference = 54E60C752075185E00BDB79E /* todoList.app */;
			productType = "com.apple.product-type.application";
		};
/* End PBXNativeTarget section */

/* Begin PBXProject section */
		54E60C6D2075185E00BDB79E /* Project object */ = {
			isa = PBXProject;
			attributes = {
				LastSwiftUpdateCheck = 0920;
				LastUpgradeCheck = 0920;
				ORGANIZATIONNAME = "Trung Pham";
				TargetAttributes = {
					54E60C742075185E00BDB79E = {
						CreatedOnToolsVersion = 9.2;
						ProvisioningStyle = Automatic;
					};
				};
			};
			buildConfigurationList = 54E60C702075185E00BDB79E /* Build configuration list for PBXProject "todoList" */;
			compatibilityVersion = "Xcode 8.0";
			developmentRegion = en;
			hasScannedForEncodings = 0;
			knownRegions = (
				en,
				Base,
			);
			mainGroup = 54E60C6C2075185E00BDB79E;
			productRefGroup = 54E60C762075185E00BDB79E /* Products */;
			projectDirPath = "";
			projectRoot = "";
			targets = (
				54E60C742075185E00BDB79E /* todoList */,
			);
		};
/* End PBXProject section */

/* Begin PBXResourcesBuildPhase section */
		54E60C732075185E00BDB79E /* Resources */ = {
			isa = PBXResourcesBuildPhase;
			buildActionMask = 2147483647;
			files = (
				54E60C862075185E00BDB79E /* LaunchScreen.storyboard in Resources */,
				54E60C832075185E00BDB79E /* Assets.xcassets in Resources */,
				54E60C7E2075185E00BDB79E /* Main.storyboard in Resources */,
			);
			runOnlyForDeploymentPostprocessing = 0;
		};
/* End PBXResourcesBuildPhase section */

/* Begin PBXSourcesBuildPhase section */
		54E60C712075185E00BDB79E /* Sources */ = {
			isa = PBXSourcesBuildPhase;
			buildActionMask = 2147483647;
			files = (
				54E60C7B2075185E00BDB79E /* ViewController.swift in Sources */,
				54E60C812075185E00BDB79E /* todoList.xcdatamodeld in Sources */,
				54E60C792075185E00BDB79E /* AppDelegate.swift in Sources */,
			);
			runOnlyForDeploymentPostprocessing = 0;
		};
/* End PBXSourcesBuildPhase section */

/* Begin PBXVariantGroup section */
		54E60C7C2075185E00BDB79E /* Main.storyboard */ = {
			isa = PBXVariantGroup;
			children = (
				54E60C7D2075185E00BDB79E /* Base */,
			);
			name = Main.storyboard;
			sourceTree = "<group>";
		};
		54E60C842075185E00BDB79E /* LaunchScreen.storyboard */ = {
			isa = PBXVariantGroup;
			children = (
				54E60C852075185E00BDB79E /* Base */,
			);
			name = LaunchScreen.storyboard;
			sourceTree = "<group>";
		};
/* End PBXVariantGroup section */

/* Begin XCBuildConfiguration section */
		54E60C882075185E00BDB79E /* Debug */ = {
			isa = XCBuildConfiguration;
			buildSettings = {
				ALWAYS_SEARCH_USER_PATHS = NO;
				CLANG_ANALYZER_NONNULL = YES;
				CLANG_ANALYZER_NUMBER_OBJECT_CONVERSION = YES_AGGRESSIVE;
				CLANG_CXX_LANGUAGE_STANDARD = "gnu++14";
				CLANG_CXX_LIBRARY = "libc++";
				CLANG_ENABLE_MODULES = YES;
				CLANG_ENABLE_OBJC_ARC = YES;
				CLANG_WARN_BLOCK_CAPTURE_AUTORELEASING = YES;
				CLANG_WARN_BOOL_CONVERSION = YES;
				CLANG_WARN_COMMA = YES;
				CLANG_WARN_CONSTANT_CONVERSION = YES;
				CLANG_WARN_DIRECT_OBJC_ISA_USAGE = YES_ERROR;
				CLANG_WARN_DOCUMENTATION_COMMENTS = YES;
				CLANG_WARN_EMPTY_BODY = YES;
				CLANG_WARN_ENUM_CONVERSION = YES;
				CLANG_WARN_INFINITE_RECURSION = YES;
				CLANG_WARN_INT_CONVERSION = YES;
				CLANG_WARN_NON_LITERAL_NULL_CONVERSION = YES;
				CLANG_WARN_OBJC_LITERAL_CONVERSION = YES;
				CLANG_WARN_OBJC_ROOT_CLASS = YES_ERROR;
				CLANG_WARN_RANGE_LOOP_ANALYSIS = YES;
				CLANG_WARN_STRICT_PROTOTYPES = YES;
				CLANG_WARN_SUSPICIOUS_MOVE = YES;
				CLANG_WARN_UNGUARDED_AVAILABILITY = YES_AGGRESSIVE;
				CLANG_WARN_UNREACHABLE_CODE = YES;
				CLANG_WARN__DUPLICATE_METHOD_MATCH = YES;
				CODE_SIGN_IDENTITY = "iPhone Developer";
				COPY_PHASE_STRIP = NO;
				DEBUG_INFORMATION_FORMAT = dwarf;
				ENABLE_STRICT_OBJC_MSGSEND = YES;
				ENABLE_TESTABILITY = YES;
				GCC_C_LANGUAGE_STANDARD = gnu11;
				GCC_DYNAMIC_NO_PIC = NO;
				GCC_NO_COMMON_BLOCKS = YES;
				GCC_OPTIMIZATION_LEVEL = 0;
				GCC_PREPROCESSOR_DEFINITIONS = (
					"DEBUG=1",
					"$(inherited)",
				);
				GCC_WARN_64_TO_32_BIT_CONVERSION = YES;
				GCC_WARN_ABOUT_RETURN_TYPE = YES_ERROR;
				GCC_WARN_UNDECLARED_SELECTOR = YES;
				GCC_WARN_UNINITIALIZED_AUTOS = YES_AGGRESSIVE;
				GCC_WARN_UNUSED_FUNCTION = YES;
				GCC_WARN_UNUSED_VARIABLE = YES;
				IPHONEOS_DEPLOYMENT_TARGET = 11.2;
				MTL_ENABLE_DEBUG_INFO = YES;
				ONLY_ACTIVE_ARCH = YES;
				SDKROOT = iphoneos;
				SWIFT_ACTIVE_COMPILATION_CONDITIONS = DEBUG;
				SWIFT_OPTIMIZATION_LEVEL = "-Onone";
			};
			name = Debug;
		};
		54E60C892075185E00BDB79E /* Release */ = {
			isa = XCBuildConfiguration;
			buildSettings = {
				ALWAYS_SEARCH_USER_PATHS = NO;
				CLANG_ANALYZER_NONNULL = YES;
				CLANG_ANALYZER_NUMBER_OBJECT_CONVERSION = YES_AGGRESSIVE;
				CLANG_CXX_LANGUAGE_STANDARD = "gnu++14";
				CLANG_CXX_LIBRARY = "libc++";
				CLANG_ENABLE_MODULES = YES;
				CLANG_ENABLE_OBJC_ARC = YES;
				CLANG_WARN_BLOCK_CAPTURE_AUTORELEASING = YES;
				CLANG_WARN_BOOL_CONVERSION = YES;
				CLANG_WARN_COMMA = YES;
				CLANG_WARN_CONSTANT_CONVERSION = YES;
				CLANG_WARN_DIRECT_OBJC_ISA_USAGE = YES_ERROR;
				CLANG_WARN_DOCUMENTATION_COMMENTS = YES;
				CLANG_WARN_EMPTY_BODY = YES;
				CLANG_WARN_ENUM_CONVERSION = YES;
				CLANG_WARN_INFINITE_RECURSION = YES;
				CLANG_WARN_INT_CONVERSION = YES;
				CLANG_WARN_NON_LITERAL_NULL_CONVERSION = YES;
				CLANG_WARN_OBJC_LITERAL_CONVERSION = YES;
				CLANG_WARN_OBJC_ROOT_CLASS = YES_ERROR;
				CLANG_WARN_RANGE_LOOP_ANALYSIS = YES;
				CLANG_WARN_STRICT_PROTOTYPES = YES;
				CLANG_WARN_SUSPICIOUS_MOVE = YES;
				CLANG_WARN_UNGUARDED_AVAILABILITY = YES_AGGRESSIVE;
				CLANG_WARN_UNREACHABLE_CODE = YES;
				CLANG_WARN__DUPLICATE_METHOD_MATCH = YES;
				CODE_SIGN_IDENTITY = "iPhone Developer";
				COPY_PHASE_STRIP = NO;
				DEBUG_INFORMATION_FORMAT = "dwarf-with-dsym";
				ENABLE_NS_ASSERTIONS = NO;
				ENABLE_STRICT_OBJC_MSGSEND = YES;
				GCC_C_LANGUAGE_STANDARD = gnu11;
				GCC_NO_COMMON_BLOCKS = YES;
				GCC_WARN_64_TO_32_BIT_CONVERSION = YES;
				GCC_WARN_ABOUT_RETURN_TYPE = YES_ERROR;
				GCC_WARN_UNDECLARED_SELECTOR = YES;
				GCC_WARN_UNINITIALIZED_AUTOS = YES_AGGRESSIVE;
				GCC_WARN_UNUSED_FUNCTION = YES;
				GCC_WARN_UNUSED_VARIABLE = YES;
				IPHONEOS_DEPLOYMENT_TARGET = 11.2;
				MTL_ENABLE_DEBUG_INFO = NO;
				SDKROOT = iphoneos;
				SWIFT_OPTIMIZATION_LEVEL = "-Owholemodule";
				VALIDATE_PRODUCT = YES;
			};
			name = Release;
		};
		54E60C8B2075185E00BDB79E /* Debug */ = {
			isa = XCBuildConfiguration;
			buildSettings = {
				ASSETCATALOG_COMPILER_APPICON_NAME = AppIcon;
				CODE_SIGN_STYLE = Automatic;
				INFOPLIST_FILE = todoList/Info.plist;
				IPHONEOS_DEPLOYMENT_TARGET = 9.2;
				LD_RUNPATH_SEARCH_PATHS = "$(inherited) @executable_path/Frameworks";
				PRODUCT_BUNDLE_IDENTIFIER = com.trungpham.todoList;
				PRODUCT_NAME = "$(TARGET_NAME)";
				SWIFT_VERSION = 4.0;
				TARGETED_DEVICE_FAMILY = "1,2";
			};
			name = Debug;
		};
		54E60C8C2075185E00BDB79E /* Release */ = {
			isa = XCBuildConfiguration;
			buildSettings = {
				ASSETCATALOG_COMPILER_APPICON_NAME = AppIcon;
				CODE_SIGN_STYLE = Automatic;
				INFOPLIST_FILE = todoList/Info.plist;
				IPHONEOS_DEPLOYMENT_TARGET = 9.2;
				LD_RUNPATH_SEARCH_PATHS = "$(inherited) @executable_path/Frameworks";
				PRODUCT_BUNDLE_IDENTIFIER = com.trungpham.todoList;
				PRODUCT_NAME = "$(TARGET_NAME)";
				SWIFT_VERSION = 4.0;
				TARGETED_DEVICE_FAMILY = "1,2";
			};
			name = Release;
		};
/* End XCBuildConfiguration section */

/* Begin XCConfigurationList section */
		54E60C702075185E00BDB79E /* Build configuration list for PBXProject "todoList" */ = {
			isa = XCConfigurationList;
			buildConfigurations = (
				54E60C882075185E00BDB79E /* Debug */,
				54E60C892075185E00BDB79E /* Release */,
			);
			defaultConfigurationIsVisible = 0;
			defaultConfigurationName = Release;
		};
		54E60C8A2075185E00BDB79E /* Build configuration list for PBXNativeTarget "todoList" */ = {
			isa = XCConfigurationList;
			buildConfigurations = (
				54E60C8B2075185E00BDB79E /* Debug */,
				54E60C8C2075185E00BDB79E /* Release */,
			);
			defaultConfigurationIsVisible = 0;
			defaultConfigurationName = Release;
		};
/* End XCConfigurationList section */

/* Begin XCVersionGroup section */
		54E60C7F2075185E00BDB79E /* todoList.xcdatamodeld */ = {
			isa = XCVersionGroup;
			children = (
				54E60C802075185E00BDB79E /* todoList.xcdatamodel */,
			);
			currentVersion = 54E60C802075185E00BDB79E /* todoList.xcdatamodel */;
			path = todoList.xcdatamodeld;
			sourceTree = "<group>";
			versionGroupType = wrapper.xcdatamodel;
		};
/* End XCVersionGroup section */
	};
	rootObject = 54E60C6D2075185E00BDB79E /* Project object */;
}
